# This file is automatically @generated by Cargo.
# It is not intended for manual editing.
version = 4

[[package]]
name = "audio-core"
version = "0.1.0"

[[package]]
name = "audiolab"
version = "0.1.0"
dependencies = [
 "audio-core",
 "catalog",
 "indexer",
 "server",
]

[[package]]
name = "catalog"
version = "0.1.0"
dependencies = [
 "audio-core",
]

[[package]]
name = "edit"
version = "0.1.0"
dependencies = [
 "audio-core",
 "fx",
]

[[package]]
name = "fx"
version = "0.1.0"

[[package]]
name = "indexer"
version = "0.1.0"
dependencies = [
 "audio-core",
 "catalog",
]

[[package]]
name = "server"
version = "0.1.0"
dependencies = [
 "audio-core",
 "catalog",
 "edit",
 "fx",
 "indexer",
]
